
Microsoft Visual Studio Solution File, Format Version 12.00
# Visual Studio Version 17
VisualStudioVersion = 17.1.32414.318
MinimumVisualStudioVersion = 10.0.40219.1
Project("{FAE04EC0-301F-11D3-BF4B-00C04F79EFBC}") = "MVCHomework6", "MVCHomework6.csproj", "{582D96E2-467D-489B-A3F8-8D5F54565FA7}"
EndProject
Global
	GlobalSection(SolutionConfigurationPlatforms) = preSolution
		Debug|Any CPU = Debug|Any CPU
		Release|Any CPU = Release|Any CPU
	EndGlobalSection
	GlobalSection(ProjectConfigurationPlatforms) = postSolution
		{582D96E2-467D-489B-A3F8-8D5F54565FA7}.Debug|Any CPU.ActiveCfg = Debug|Any CPU
		{582D96E2-467D-489B-A3F8-8D5F54565FA7}.Debug|Any CPU.Build.0 = Debug|Any CPU
		{582D96E2-467D-489B-A3F8-8D5F54565FA7}.Release|Any CPU.ActiveCfg = Release|Any CPU
		{582D96E2-467D-489B-A3F8-8D5F54565FA7}.Release|Any CPU.Build.0 = Release|Any CPU
	EndGlobalSection
	GlobalSection(SolutionProperties) = preSolution
		HideSolutionNode = FALSE
	EndGlobalSection
	GlobalSection(ExtensibilityGlobals) = postSolution
		SolutionGuid = {03234428-A378-4EAF-B65A-F15C42C46547}
	EndGlobalSection
EndGlobal
